
Microsoft Visual Studio Solution File, Format Version 12.00
# Visual Studio Version 16
VisualStudioVersion = 16.0.30114.105
MinimumVisualStudioVersion = 10.0.40219.1
Project("{2150E333-8FDC-42A3-9474-1A3956D46DE8}") = "src", "src", "{1DF1E188-3C79-4861-A2AA-B6108E332516}"
EndProject
Project("{FAE04EC0-301F-11D3-BF4B-00C04F79EFBC}") = "Fireblocks.Api.Models", "src\Fireblocks.Api.Models\Fireblocks.Api.Models.csproj", "{2A7CDD5A-647D-4134-AC60-C230E4DE2DB5}"
EndProject
Global
	GlobalSection(SolutionConfigurationPlatforms) = preSolution
		Debug|Any CPU = Debug|Any CPU
		Release|Any CPU = Release|Any CPU
	EndGlobalSection
	GlobalSection(SolutionProperties) = preSolution
		HideSolutionNode = FALSE
	EndGlobalSection
	GlobalSection(ProjectConfigurationPlatforms) = postSolution
		{2A7CDD5A-647D-4134-AC60-C230E4DE2DB5}.Debug|Any CPU.ActiveCfg = Debug|Any CPU
		{2A7CDD5A-647D-4134-AC60-C230E4DE2DB5}.Debug|Any CPU.Build.0 = Debug|Any CPU
		{2A7CDD5A-647D-4134-AC60-C230E4DE2DB5}.Release|Any CPU.ActiveCfg = Release|Any CPU
		{2A7CDD5A-647D-4134-AC60-C230E4DE2DB5}.Release|Any CPU.Build.0 = Release|Any CPU
	EndGlobalSection
	GlobalSection(NestedProjects) = preSolution
		{2A7CDD5A-647D-4134-AC60-C230E4DE2DB5} = {1DF1E188-3C79-4861-A2AA-B6108E332516}
	EndGlobalSection
EndGlobal
